// !$*UTF8*$!
{
	archiveVersion = 1;
	classes = {
	};
	objectVersion = 56;
	objects = {

/* Begin PBXBuildFile section */
		5ADE20C92B72F8E10059BF6C /* ImageView.swift in Sources */ = {isa = PBXBuildFile; fileRef = 5ADE20C82B72F8E10059BF6C /* ImageView.swift */; };
		5AF4B1172B717DAD00E5F682 /* Flixster_Pt__1App.swift in Sources */ = {isa = PBXBuildFile; fileRef = 5AF4B1162B717DAD00E5F682 /* Flixster_Pt__1App.swift */; };
		5AF4B1192B717DAD00E5F682 /* ContentView.swift in Sources */ = {isa = PBXBuildFile; fileRef = 5AF4B1182B717DAD00E5F682 /* ContentView.swift */; };
		5AF4B11B2B717DAF00E5F682 /* Assets.xcassets in Resources */ = {isa = PBXBuildFile; fileRef = 5AF4B11A2B717DAF00E5F682 /* Assets.xcassets */; };
		5AF4B11E2B717DAF00E5F682 /* Preview Assets.xcassets in Resources */ = {isa = PBXBuildFile; fileRef = 5AF4B11D2B717DAF00E5F682 /* Preview Assets.xcassets */; };
		5AF4B1262B718D6600E5F682 /* Nuke in Frameworks */ = {isa = PBXBuildFile; productRef = 5AF4B1252B718D6600E5F682 /* Nuke */; };
		5AF4B1282B718D6600E5F682 /* NukeExtensions in Frameworks */ = {isa = PBXBuildFile; productRef = 5AF4B1272B718D6600E5F682 /* NukeExtensions */; };
		5AF4B12A2B718D6600E5F682 /* NukeUI in Frameworks */ = {isa = PBXBuildFile; productRef = 5AF4B1292B718D6600E5F682 /* NukeUI */; };
		5AF4B12C2B718D6600E5F682 /* NukeVideo in Frameworks */ = {isa = PBXBuildFile; productRef = 5AF4B12B2B718D6600E5F682 /* NukeVideo */; };
		5AF4B12E2B718EFF00E5F682 /* Movie.swift in Sources */ = {isa = PBXBuildFile; fileRef = 5AF4B12D2B718EFF00E5F682 /* Movie.swift */; };
		5AF4B1362B718F9300E5F682 /* MovieDetailView.swift in Sources */ = {isa = PBXBuildFile; fileRef = 5AF4B1352B718F9300E5F682 /* MovieDetailView.swift */; };
/* End PBXBuildFile section */

/* Begin PBXFileReference section */
		5ADE20C82B72F8E10059BF6C /* ImageView.swift */ = {isa = PBXFileReference; lastKnownFileType = sourcecode.swift; path = ImageView.swift; sourceTree = "<group>"; };
		5AF4B1132B717DAD00E5F682 /* Flixster Pt. 1.app */ = {isa = PBXFileReference; explicitFileType = wrapper.application; includeInIndex = 0; path = "Flixster Pt. 1.app"; sourceTree = BUILT_PRODUCTS_DIR; };
		5AF4B1162B717DAD00E5F682 /* Flixster_Pt__1App.swift */ = {isa = PBXFileReference; lastKnownFileType = sourcecode.swift; path = Flixster_Pt__1App.swift; sourceTree = "<group>"; };
		5AF4B1182B717DAD00E5F682 /* ContentView.swift */ = {isa = PBXFileReference; lastKnownFileType = sourcecode.swift; path = ContentView.swift; sourceTree = "<group>"; };
		5AF4B11A2B717DAF00E5F682 /* Assets.xcassets */ = {isa = PBXFileReference; lastKnownFileType = folder.assetcatalog; path = Assets.xcassets; sourceTree = "<group>"; };
		5AF4B11D2B717DAF00E5F682 /* Preview Assets.xcassets */ = {isa = PBXFileReference; lastKnownFileType = folder.assetcatalog; path = "Preview Assets.xcassets"; sourceTree = "<group>"; };
		5AF4B12D2B718EFF00E5F682 /* Movie.swift */ = {isa = PBXFileReference; lastKnownFileType = sourcecode.swift; path = Movie.swift; sourceTree = "<group>"; };
		5AF4B1352B718F9300E5F682 /* MovieDetailView.swift */ = {isa = PBXFileReference; lastKnownFileType = sourcecode.swift; path = MovieDetailView.swift; sourceTree = "<group>"; };
/* End PBXFileReference section */

/* Begin PBXFrameworksBuildPhase section */
		5AF4B1102B717DAD00E5F682 /* Frameworks */ = {
			isa = PBXFrameworksBuildPhase;
			buildActionMask = 2147483647;
			files = (
				5AF4B12A2B718D6600E5F682 /* NukeUI in Frameworks */,
				5AF4B1262B718D6600E5F682 /* Nuke in Frameworks */,
				5AF4B1282B718D6600E5F682 /* NukeExtensions in Frameworks */,
				5AF4B12C2B718D6600E5F682 /* NukeVideo in Frameworks */,
			);
			runOnlyForDeploymentPostprocessing = 0;
		};
/* End PBXFrameworksBuildPhase section */

/* Begin PBXGroup section */
		5AF4B10A2B717DAD00E5F682 = {
			isa = PBXGroup;
			children = (
				5AF4B1152B717DAD00E5F682 /* Flixster Pt. 1 */,
				5AF4B1142B717DAD00E5F682 /* Products */,
			);
			sourceTree = "<group>";
		};
		5AF4B1142B717DAD00E5F682 /* Products */ = {
			isa = PBXGroup;
			children = (
				5AF4B1132B717DAD00E5F682 /* Flixster Pt. 1.app */,
			);
			name = Products;
			sourceTree = "<group>";
		};
		5AF4B1152B717DAD00E5F682 /* Flixster Pt. 1 */ = {
			isa = PBXGroup;
			children = (
				5AF4B1162B717DAD00E5F682 /* Flixster_Pt__1App.swift */,
				5AF4B12D2B718EFF00E5F682 /* Movie.swift */,
				5AF4B1182B717DAD00E5F682 /* ContentView.swift */,
				5AF4B1352B718F9300E5F682 /* MovieDetailView.swift */,
				5ADE20C82B72F8E10059BF6C /* ImageView.swift */,
				5AF4B11A2B717DAF00E5F682 /* Assets.xcassets */,
				5AF4B11C2B717DAF00E5F682 /* Preview Content */,
			);
			path = "Flixster Pt. 1";
			sourceTree = "<group>";
		};
		5AF4B11C2B717DAF00E5F682 /* Preview Content */ = {
			isa = PBXGroup;
			children = (
				5AF4B11D2B717DAF00E5F682 /* Preview Assets.xcassets */,
			);
			path = "Preview Content";
			sourceTree = "<group>";
		};
/* End PBXGroup section */

/* Begin PBXNativeTarget section */
		5AF4B1122B717DAD00E5F682 /* Flixster Pt. 1 */ = {
			isa = PBXNativeTarget;
			buildConfigurationList = 5AF4B1212B717DAF00E5F682 /* Build configuration list for PBXNativeTarget "Flixster Pt. 1" */;
			buildPhases = (
				5AF4B10F2B717DAD00E5F682 /* Sources */,
				5AF4B1102B717DAD00E5F682 /* Frameworks */,
				5AF4B1112B717DAD00E5F682 /* Resources */,
			);
			buildRules = (
			);
			dependencies = (
			);
			name = "Flixster Pt. 1";
			packageProductDependencies = (
				5AF4B1252B718D6600E5F682 /* Nuke */,
				5AF4B1272B718D6600E5F682 /* NukeExtensions */,
				5AF4B1292B718D6600E5F682 /* NukeUI */,
				5AF4B12B2B718D6600E5F682 /* NukeVideo */,
			);
			productName = "Flixster Pt. 1";
			productReference = 5AF4B1132B717DAD00E5F682 /* Flixster Pt. 1.app */;
			productType = "com.apple.product-type.application";
		};
/* End PBXNativeTarget section */

/* Begin PBXProject section */
		5AF4B10B2B717DAD00E5F682 /* Project object */ = {
			isa = PBXProject;
			attributes = {
				BuildIndependentTargetsInParallel = 1;
				LastSwiftUpdateCheck = 1520;
				LastUpgradeCheck = 1520;
				TargetAttributes = {
					5AF4B1122B717DAD00E5F682 = {
						CreatedOnToolsVersion = 15.2;
					};
				};
			};
			buildConfigurationList = 5AF4B10E2B717DAD00E5F682 /* Build configuration list for PBXProject "Flixster Pt. 1" */;
			compatibilityVersion = "Xcode 14.0";
			developmentRegion = en;
			hasScannedForEncodings = 0;
			knownRegions = (
				en,
				Base,
			);
			mainGroup = 5AF4B10A2B717DAD00E5F682;
			packageReferences = (
				5AF4B1242B718D6600E5F682 /* XCRemoteSwiftPackageReference "Nuke" */,
			);
			productRefGroup = 5AF4B1142B717DAD00E5F682 /* Products */;
			projectDirPath = "";
			projectRoot = "";
			targets = (
				5AF4B1122B717DAD00E5F682 /* Flixster Pt. 1 */,
			);
		};
/* End PBXProject section */

/* Begin PBXResourcesBuildPhase section */
		5AF4B1112B717DAD00E5F682 /* Resources */ = {
			isa = PBXResourcesBuildPhase;
			buildActionMask = 2147483647;
			files = (
				5AF4B11E2B717DAF00E5F682 /* Preview Assets.xcassets in Resources */,
				5AF4B11B2B717DAF00E5F682 /* Assets.xcassets in Resources */,
			);
			runOnlyForDeploymentPostprocessing = 0;
		};
/* End PBXResourcesBuildPhase section */

/* Begin PBXSourcesBuildPhase section */
		5AF4B10F2B717DAD00E5F682 /* Sources */ = {
			isa = PBXSourcesBuildPhase;
			buildActionMask = 2147483647;
			files = (
				5ADE20C92B72F8E10059BF6C /* ImageView.swift in Sources */,
				5AF4B12E2B718EFF00E5F682 /* Movie.swift in Sources */,
				5AF4B1192B717DAD00E5F682 /* ContentView.swift in Sources */,
				5AF4B1172B717DAD00E5F682 /* Flixster_Pt__1App.swift in Sources */,
				5AF4B1362B718F9300E5F682 /* MovieDetailView.swift in Sources */,
			);
			runOnlyForDeploymentPostprocessing = 0;
		};
/* End PBXSourcesBuildPhase section */

/* Begin XCBuildConfiguration section */
		5AF4B11F2B717DAF00E5F682 /* Debug */ = {
			isa = XCBuildConfiguration;
			buildSettings = {
				ALWAYS_SEARCH_USER_PATHS = NO;
				ASSETCATALOG_COMPILER_GENERATE_SWIFT_ASSET_SYMBOL_EXTENSIONS = YES;
				CLANG_ANALYZER_NONNULL = YES;
				CLANG_ANALYZER_NUMBER_OBJECT_CONVERSION = YES_AGGRESSIVE;
				CLANG_CXX_LANGUAGE_STANDARD = "gnu++20";
				CLANG_ENABLE_MODULES = YES;
				CLANG_ENABLE_OBJC_ARC = YES;
				CLANG_ENABLE_OBJC_WEAK = YES;
				CLANG_WARN_BLOCK_CAPTURE_AUTORELEASING = YES;
				CLANG_WARN_BOOL_CONVERSION = YES;
				CLANG_WARN_COMMA = YES;
				CLANG_WARN_CONSTANT_CONVERSION = YES;
				CLANG_WARN_DEPRECATED_OBJC_IMPLEMENTATIONS = YES;
				CLANG_WARN_DIRECT_OBJC_ISA_USAGE = YES_ERROR;
				CLANG_WARN_DOCUMENTATION_COMMENTS = YES;
				CLANG_WARN_EMPTY_BODY = YES;
				CLANG_WARN_ENUM_CONVERSION = YES;
				CLANG_WARN_INFINITE_RECURSION = YES;
				CLANG_WARN_INT_CONVERSION = YES;
				CLANG_WARN_NON_LITERAL_NULL_CONVERSION = YES;
				CLANG_WARN_OBJC_IMPLICIT_RETAIN_SELF = YES;
				CLANG_WARN_OBJC_LITERAL_CONVERSION = YES;
				CLANG_WARN_OBJC_ROOT_CLASS = YES_ERROR;
				CLANG_WARN_QUOTED_INCLUDE_IN_FRAMEWORK_HEADER = YES;
				CLANG_WARN_RANGE_LOOP_ANALYSIS = YES;
				CLANG_WARN_STRICT_PROTOTYPES = YES;
				CLANG_WARN_SUSPICIOUS_MOVE = YES;
				CLANG_WARN_UNGUARDED_AVAILABILITY = YES_AGGRESSIVE;
				CLANG_WARN_UNREACHABLE_CODE = YES;
				CLANG_WARN__DUPLICATE_METHOD_MATCH = YES;
				COPY_PHASE_STRIP = NO;
				DEBUG_INFORMATION_FORMAT = dwarf;
				ENABLE_STRICT_OBJC_MSGSEND = YES;
				ENABLE_TESTABILITY = YES;
				ENABLE_USER_SCRIPT_SANDBOXING = YES;
				GCC_C_LANGUAGE_STANDARD = gnu17;
				GCC_DYNAMIC_NO_PIC = NO;
				GCC_NO_COMMON_BLOCKS = YES;
				GCC_OPTIMIZATION_LEVEL = 0;
				GCC_PREPROCESSOR_DEFINITIONS = (
					"DEBUG=1",
					"$(inherited)",
				);
				GCC_WARN_64_TO_32_BIT_CONVERSION = YES;
				GCC_WARN_ABOUT_RETURN_TYPE = YES_ERROR;
				GCC_WARN_UNDECLARED_SELECTOR = YES;
				GCC_WARN_UNINITIALIZED_AUTOS = YES_AGGRESSIVE;
				GCC_WARN_UNUSED_FUNCTION = YES;
				GCC_WARN_UNUSED_VARIABLE = YES;
				IPHONEOS_DEPLOYMENT_TARGET = 17.2;
				LOCALIZATION_PREFERS_STRING_CATALOGS = YES;
				MTL_ENABLE_DEBUG_INFO = INCLUDE_SOURCE;
				MTL_FAST_MATH = YES;
				ONLY_ACTIVE_ARCH = YES;
				SDKROOT = iphoneos;
				SWIFT_ACTIVE_COMPILATION_CONDITIONS = "DEBUG $(inherited)";
				SWIFT_OPTIMIZATION_LEVEL = "-Onone";
			};
			name = Debug;
		};
		5AF4B1202B717DAF00E5F682 /* Release */ = {
			isa = XCBuildConfiguration;
			buildSettings = {
				ALWAYS_SEARCH_USER_PATHS = NO;
				ASSETCATALOG_COMPILER_GENERATE_SWIFT_ASSET_SYMBOL_EXTENSIONS = YES;
				CLANG_ANALYZER_NONNULL = YES;
				CLANG_ANALYZER_NUMBER_OBJECT_CONVERSION = YES_AGGRESSIVE;
				CLANG_CXX_LANGUAGE_STANDARD = "gnu++20";
				CLANG_ENABLE_MODULES = YES;
				CLANG_ENABLE_OBJC_ARC = YES;
				CLANG_ENABLE_OBJC_WEAK = YES;
				CLANG_WARN_BLOCK_CAPTURE_AUTORELEASING = YES;
				CLANG_WARN_BOOL_CONVERSION = YES;
				CLANG_WARN_COMMA = YES;
				CLANG_WARN_CONSTANT_CONVERSION = YES;
				CLANG_WARN_DEPRECATED_OBJC_IMPLEMENTATIONS = YES;
				CLANG_WARN_DIRECT_OBJC_ISA_USAGE = YES_ERROR;
				CLANG_WARN_DOCUMENTATION_COMMENTS = YES;
				CLANG_WARN_EMPTY_BODY = YES;
				CLANG_WARN_ENUM_CONVERSION = YES;
				CLANG_WARN_INFINITE_RECURSION = YES;
				CLANG_WARN_INT_CONVERSION = YES;
				CLANG_WARN_NON_LITERAL_NULL_CONVERSION = YES;
				CLANG_WARN_OBJC_IMPLICIT_RETAIN_SELF = YES;
				CLANG_WARN_OBJC_LITERAL_CONVERSION = YES;
				CLANG_WARN_OBJC_ROOT_CLASS = YES_ERROR;
				CLANG_WARN_QUOTED_INCLUDE_IN_FRAMEWORK_HEADER = YES;
				CLANG_WARN_RANGE_LOOP_ANALYSIS = YES;
				CLANG_WARN_STRICT_PROTOTYPES = YES;
				CLANG_WARN_SUSPICIOUS_MOVE = YES;
				CLANG_WARN_UNGUARDED_AVAILABILITY = YES_AGGRESSIVE;
				CLANG_WARN_UNREACHABLE_CODE = YES;
				CLANG_WARN__DUPLICATE_METHOD_MATCH = YES;
				COPY_PHASE_STRIP = NO;
				DEBUG_INFORMATION_FORMAT = "dwarf-with-dsym";
				ENABLE_NS_ASSERTIONS = NO;
				ENABLE_STRICT_OBJC_MSGSEND = YES;
				ENABLE_USER_SCRIPT_SANDBOXING = YES;
				GCC_C_LANGUAGE_STANDARD = gnu17;
				GCC_NO_COMMON_BLOCKS = YES;
				GCC_WARN_64_TO_32_BIT_CONVERSION = YES;
				GCC_WARN_ABOUT_RETURN_TYPE = YES_ERROR;
				GCC_WARN_UNDECLARED_SELECTOR = YES;
				GCC_WARN_UNINITIALIZED_AUTOS = YES_AGGRESSIVE;
				GCC_WARN_UNUSED_FUNCTION = YES;
				GCC_WARN_UNUSED_VARIABLE = YES;
				IPHONEOS_DEPLOYMENT_TARGET = 17.2;
				LOCALIZATION_PREFERS_STRING_CATALOGS = YES;
				MTL_ENABLE_DEBUG_INFO = NO;
				MTL_FAST_MATH = YES;
				SDKROOT = iphoneos;
				SWIFT_COMPILATION_MODE = wholemodule;
				VALIDATE_PRODUCT = YES;
			};
			name = Release;
		};
		5AF4B1222B717DAF00E5F682 /* Debug */ = {
			isa = XCBuildConfiguration;
			buildSettings = {
				ASSETCATALOG_COMPILER_APPICON_NAME = AppIcon;
				ASSETCATALOG_COMPILER_GLOBAL_ACCENT_COLOR_NAME = AccentColor;
				CODE_SIGN_STYLE = Automatic;
				CURRENT_PROJECT_VERSION = 1;
				DEVELOPMENT_ASSET_PATHS = "\"Flixster Pt. 1/Preview Content\"";
				ENABLE_PREVIEWS = YES;
				GENERATE_INFOPLIST_FILE = YES;
				INFOPLIST_KEY_UIApplicationSceneManifest_Generation = YES;
				INFOPLIST_KEY_UIApplicationSupportsIndirectInputEvents = YES;
				INFOPLIST_KEY_UILaunchScreen_Generation = YES;
				INFOPLIST_KEY_UISupportedInterfaceOrientations_iPad = "UIInterfaceOrientationPortrait UIInterfaceOrientationPortraitUpsideDown UIInterfaceOrientationLandscapeLeft UIInterfaceOrientationLandscapeRight";
				INFOPLIST_KEY_UISupportedInterfaceOrientations_iPhone = "UIInterfaceOrientationPortrait UIInterfaceOrientationLandscapeLeft UIInterfaceOrientationLandscapeRight";
				LD_RUNPATH_SEARCH_PATHS = (
					"$(inherited)",
					"@executable_path/Frameworks",
				);
				MARKETING_VERSION = 1.0;
				PRODUCT_BUNDLE_IDENTIFIER = "COP4655.Flixster-Pt--1";
				PRODUCT_NAME = "$(TARGET_NAME)";
				SWIFT_EMIT_LOC_STRINGS = YES;
				SWIFT_VERSION = 5.0;
				TARGETED_DEVICE_FAMILY = "1,2";
			};
			name = Debug;
		};
		5AF4B1232B717DAF00E5F682 /* Release */ = {
			isa = XCBuildConfiguration;
			buildSettings = {
				ASSETCATALOG_COMPILER_APPICON_NAME = AppIcon;
				ASSETCATALOG_COMPILER_GLOBAL_ACCENT_COLOR_NAME = AccentColor;
				CODE_SIGN_STYLE = Automatic;
				CURRENT_PROJECT_VERSION = 1;
				DEVELOPMENT_ASSET_PATHS = "\"Flixster Pt. 1/Preview Content\"";
				ENABLE_PREVIEWS = YES;
				GENERATE_INFOPLIST_FILE = YES;
				INFOPLIST_KEY_UIApplicationSceneManifest_Generation = YES;
				INFOPLIST_KEY_UIApplicationSupportsIndirectInputEvents = YES;
				INFOPLIST_KEY_UILaunchScreen_Generation = YES;
				INFOPLIST_KEY_UISupportedInterfaceOrientations_iPad = "UIInterfaceOrientationPortrait UIInterfaceOrientationPortraitUpsideDown UIInterfaceOrientationLandscapeLeft UIInterfaceOrientationLandscapeRight";
				INFOPLIST_KEY_UISupportedInterfaceOrientations_iPhone = "UIInterfaceOrientationPortrait UIInterfaceOrientationLandscapeLeft UIInterfaceOrientationLandscapeRight";
				LD_RUNPATH_SEARCH_PATHS = (
					"$(inherited)",
					"@executable_path/Frameworks",
				);
				MARKETING_VERSION = 1.0;
				PRODUCT_BUNDLE_IDENTIFIER = "COP4655.Flixster-Pt--1";
				PRODUCT_NAME = "$(TARGET_NAME)";
				SWIFT_EMIT_LOC_STRINGS = YES;
				SWIFT_VERSION = 5.0;
				TARGETED_DEVICE_FAMILY = "1,2";
			};
			name = Release;
		};
/* End XCBuildConfiguration section */

/* Begin XCConfigurationList section */
		5AF4B10E2B717DAD00E5F682 /* Build configuration list for PBXProject "Flixster Pt. 1" */ = {
			isa = XCConfigurationList;
			buildConfigurations = (
				5AF4B11F2B717DAF00E5F682 /* Debug */,
				5AF4B1202B717DAF00E5F682 /* Release */,
			);
			defaultConfigurationIsVisible = 0;
			defaultConfigurationName = Release;
		};
		5AF4B1212B717DAF00E5F682 /* Build configuration list for PBXNativeTarget "Flixster Pt. 1" */ = {
			isa = XCConfigurationList;
			buildConfigurations = (
				5AF4B1222B717DAF00E5F682 /* Debug */,
				5AF4B1232B717DAF00E5F682 /* Release */,
			);
			defaultConfigurationIsVisible = 0;
			defaultConfigurationName = Release;
		};
/* End XCConfigurationList section */

/* Begin XCRemoteSwiftPackageReference section */
		5AF4B1242B718D6600E5F682 /* XCRemoteSwiftPackageReference "Nuke" */ = {
			isa = XCRemoteSwiftPackageReference;
			repositoryURL = "https://github.com/kean/Nuke.git";
			requirement = {
				kind = upToNextMajorVersion;
				minimumVersion = 12.3.0;
			};
		};
/* End XCRemoteSwiftPackageReference section */

/* Begin XCSwiftPackageProductDependency section */
		5AF4B1252B718D6600E5F682 /* Nuke */ = {
			isa = XCSwiftPackageProductDependency;
			package = 5AF4B1242B718D6600E5F682 /* XCRemoteSwiftPackageReference "Nuke" */;
			productName = Nuke;
		};
		5AF4B1272B718D6600E5F682 /* NukeExtensions */ = {
			isa = XCSwiftPackageProductDependency;
			package = 5AF4B1242B718D6600E5F682 /* XCRemoteSwiftPackageReference "Nuke" */;
			productName = NukeExtensions;
		};
		5AF4B1292B718D6600E5F682 /* NukeUI */ = {
			isa = XCSwiftPackageProductDependency;
			package = 5AF4B1242B718D6600E5F682 /* XCRemoteSwiftPackageReference "Nuke" */;
			productName = NukeUI;
		};
		5AF4B12B2B718D6600E5F682 /* NukeVideo */ = {
			isa = XCSwiftPackageProductDependency;
			package = 5AF4B1242B718D6600E5F682 /* XCRemoteSwiftPackageReference "Nuke" */;
			productName = NukeVideo;
		};
/* End XCSwiftPackageProductDependency section */
	};
	rootObject = 5AF4B10B2B717DAD00E5F682 /* Project object */;
}
